
Microsoft Visual Studio Solution File, Format Version 12.00
# Visual Studio Version 16
VisualStudioVersion = 16.0.29519.87
MinimumVisualStudioVersion = 10.0.40219.1
Project("{8BC9CEB8-8B4A-11D0-8D11-00A0C91BC942}") = "Project01", "포인터 활용\포인터 활용.vcxproj", "{0B5E1CDE-6B28-48D6-B3B7-786B969338B4}"
EndProject
Project("{8BC9CEB8-8B4A-11D0-8D11-00A0C91BC942}") = "Project02", "Project02\Project02.vcxproj", "{2A2ED4B1-A73F-4308-9B6F-54821E7D8F7F}"
EndProject
Project("{8BC9CEB8-8B4A-11D0-8D11-00A0C91BC942}") = "Project03", "Project03\Project03.vcxproj", "{844047B2-0964-4117-9C43-7011C14F4607}"
EndProject
Project("{8BC9CEB8-8B4A-11D0-8D11-00A0C91BC942}") = "Project04", "Project04\Project04.vcxproj", "{69BEFB3A-AEB5-4D8F-8A46-B631FCF4F31F}"
EndProject
Project("{8BC9CEB8-8B4A-11D0-8D11-00A0C91BC942}") = "Project05", "Project05\Project05.vcxproj", "{A9926141-8A2C-4E28-BB96-DCFEF7CD70DA}"
EndProject
Project("{8BC9CEB8-8B4A-11D0-8D11-00A0C91BC942}") = "Project06", "Project06\Project06.vcxproj", "{00C24F61-DBA4-4192-AA32-05650CED9F4E}"
EndProject
Project("{8BC9CEB8-8B4A-11D0-8D11-00A0C91BC942}") = "Project07", "Project07\Project07.vcxproj", "{53BA73A3-9D03-413B-9159-3403C4EE1C7C}"
EndProject
Project("{8BC9CEB8-8B4A-11D0-8D11-00A0C91BC942}") = "Project08", "Project08\Project08.vcxproj", "{976C5743-7A36-4461-8A22-EE1428465420}"
EndProject
Project("{8BC9CEB8-8B4A-11D0-8D11-00A0C91BC942}") = "Project09", "Project09\Project09.vcxproj", "{E285A175-BF4C-4F07-B63A-EAFF9E13EB9B}"
EndProject
Project("{8BC9CEB8-8B4A-11D0-8D11-00A0C91BC942}") = "Project10", "Project10\Project10.vcxproj", "{FF1CCD6E-53EC-47EF-8161-AFB4E69CC737}"
EndProject
Global
	GlobalSection(SolutionConfigurationPlatforms) = preSolution
		Debug|x64 = Debug|x64
		Debug|x86 = Debug|x86
		Release|x64 = Release|x64
		Release|x86 = Release|x86
	EndGlobalSection
	GlobalSection(ProjectConfigurationPlatforms) = postSolution
		{0B5E1CDE-6B28-48D6-B3B7-786B969338B4}.Debug|x64.ActiveCfg = Debug|x64
		{0B5E1CDE-6B28-48D6-B3B7-786B969338B4}.Debug|x64.Build.0 = Debug|x64
		{0B5E1CDE-6B28-48D6-B3B7-786B969338B4}.Debug|x86.ActiveCfg = Debug|Win32
		{0B5E1CDE-6B28-48D6-B3B7-786B969338B4}.Debug|x86.Build.0 = Debug|Win32
		{0B5E1CDE-6B28-48D6-B3B7-786B969338B4}.Release|x64.ActiveCfg = Release|x64
		{0B5E1CDE-6B28-48D6-B3B7-786B969338B4}.Release|x64.Build.0 = Release|x64
		{0B5E1CDE-6B28-48D6-B3B7-786B969338B4}.Release|x86.ActiveCfg = Release|Win32
		{0B5E1CDE-6B28-48D6-B3B7-786B969338B4}.Release|x86.Build.0 = Release|Win32
		{2A2ED4B1-A73F-4308-9B6F-54821E7D8F7F}.Debug|x64.ActiveCfg = Debug|x64
		{2A2ED4B1-A73F-4308-9B6F-54821E7D8F7F}.Debug|x64.Build.0 = Debug|x64
		{2A2ED4B1-A73F-4308-9B6F-54821E7D8F7F}.Debug|x86.ActiveCfg = Debug|Win32
		{2A2ED4B1-A73F-4308-9B6F-54821E7D8F7F}.Debug|x86.Build.0 = Debug|Win32
		{2A2ED4B1-A73F-4308-9B6F-54821E7D8F7F}.Release|x64.ActiveCfg = Release|x64
		{2A2ED4B1-A73F-4308-9B6F-54821E7D8F7F}.Release|x64.Build.0 = Release|x64
		{2A2ED4B1-A73F-4308-9B6F-54821E7D8F7F}.Release|x86.ActiveCfg = Release|Win32
		{2A2ED4B1-A73F-4308-9B6F-54821E7D8F7F}.Release|x86.Build.0 = Release|Win32
		{844047B2-0964-4117-9C43-7011C14F4607}.Debug|x64.ActiveCfg = Debug|x64
		{844047B2-0964-4117-9C43-7011C14F4607}.Debug|x64.Build.0 = Debug|x64
		{844047B2-0964-4117-9C43-7011C14F4607}.Debug|x86.ActiveCfg = Debug|Win32
		{844047B2-0964-4117-9C43-7011C14F4607}.Debug|x86.Build.0 = Debug|Win32
		{844047B2-0964-4117-9C43-7011C14F4607}.Release|x64.ActiveCfg = Release|x64
		{844047B2-0964-4117-9C43-7011C14F4607}.Release|x64.Build.0 = Release|x64
		{844047B2-0964-4117-9C43-7011C14F4607}.Release|x86.ActiveCfg = Release|Win32
		{844047B2-0964-4117-9C43-7011C14F4607}.Release|x86.Build.0 = Release|Win32
		{69BEFB3A-AEB5-4D8F-8A46-B631FCF4F31F}.Debug|x64.ActiveCfg = Debug|x64
		{69BEFB3A-AEB5-4D8F-8A46-B631FCF4F31F}.Debug|x64.Build.0 = Debug|x64
		{69BEFB3A-AEB5-4D8F-8A46-B631FCF4F31F}.Debug|x86.ActiveCfg = Debug|Win32
		{69BEFB3A-AEB5-4D8F-8A46-B631FCF4F31F}.Debug|x86.Build.0 = Debug|Win32
		{69BEFB3A-AEB5-4D8F-8A46-B631FCF4F31F}.Release|x64.ActiveCfg = Release|x64
		{69BEFB3A-AEB5-4D8F-8A46-B631FCF4F31F}.Release|x64.Build.0 = Release|x64
		{69BEFB3A-AEB5-4D8F-8A46-B631FCF4F31F}.Release|x86.ActiveCfg = Release|Win32
		{69BEFB3A-AEB5-4D8F-8A46-B631FCF4F31F}.Release|x86.Build.0 = Release|Win32
		{A9926141-8A2C-4E28-BB96-DCFEF7CD70DA}.Debug|x64.ActiveCfg = Debug|x64
		{A9926141-8A2C-4E28-BB96-DCFEF7CD70DA}.Debug|x64.Build.0 = Debug|x64
		{A9926141-8A2C-4E28-BB96-DCFEF7CD70DA}.Debug|x86.ActiveCfg = Debug|Win32
		{A9926141-8A2C-4E28-BB96-DCFEF7CD70DA}.Debug|x86.Build.0 = Debug|Win32
		{A9926141-8A2C-4E28-BB96-DCFEF7CD70DA}.Release|x64.ActiveCfg = Release|x64
		{A9926141-8A2C-4E28-BB96-DCFEF7CD70DA}.Release|x64.Build.0 = Release|x64
		{A9926141-8A2C-4E28-BB96-DCFEF7CD70DA}.Release|x86.ActiveCfg = Release|Win32
		{A9926141-8A2C-4E28-BB96-DCFEF7CD70DA}.Release|x86.Build.0 = Release|Win32
		{00C24F61-DBA4-4192-AA32-05650CED9F4E}.Debug|x64.ActiveCfg = Debug|x64
		{00C24F61-DBA4-4192-AA32-05650CED9F4E}.Debug|x64.Build.0 = Debug|x64
		{00C24F61-DBA4-4192-AA32-05650CED9F4E}.Debug|x86.ActiveCfg = Debug|Win32
		{00C24F61-DBA4-4192-AA32-05650CED9F4E}.Debug|x86.Build.0 = Debug|Win32
		{00C24F61-DBA4-4192-AA32-05650CED9F4E}.Release|x64.ActiveCfg = Release|x64
		{00C24F61-DBA4-4192-AA32-05650CED9F4E}.Release|x64.Build.0 = Release|x64
		{00C24F61-DBA4-4192-AA32-05650CED9F4E}.Release|x86.ActiveCfg = Release|Win32
		{00C24F61-DBA4-4192-AA32-05650CED9F4E}.Release|x86.Build.0 = Release|Win32
		{53BA73A3-9D03-413B-9159-3403C4EE1C7C}.Debug|x64.ActiveCfg = Debug|x64
		{53BA73A3-9D03-413B-9159-3403C4EE1C7C}.Debug|x64.Build.0 = Debug|x64
		{53BA73A3-9D03-413B-9159-3403C4EE1C7C}.Debug|x86.ActiveCfg = Debug|Win32
		{53BA73A3-9D03-413B-9159-3403C4EE1C7C}.Debug|x86.Build.0 = Debug|Win32
		{53BA73A3-9D03-413B-9159-3403C4EE1C7C}.Release|x64.ActiveCfg = Release|x64
		{53BA73A3-9D03-413B-9159-3403C4EE1C7C}.Release|x64.Build.0 = Release|x64
		{53BA73A3-9D03-413B-9159-3403C4EE1C7C}.Release|x86.ActiveCfg = Release|Win32
		{53BA73A3-9D03-413B-9159-3403C4EE1C7C}.Release|x86.Build.0 = Release|Win32
		{976C5743-7A36-4461-8A22-EE1428465420}.Debug|x64.ActiveCfg = Debug|x64
		{976C5743-7A36-4461-8A22-EE1428465420}.Debug|x64.Build.0 = Debug|x64
		{976C5743-7A36-4461-8A22-EE1428465420}.Debug|x86.ActiveCfg = Debug|Win32
		{976C5743-7A36-4461-8A22-EE1428465420}.Debug|x86.Build.0 = Debug|Win32
		{976C5743-7A36-4461-8A22-EE1428465420}.Release|x64.ActiveCfg = Release|x64
		{976C5743-7A36-4461-8A22-EE1428465420}.Release|x64.Build.0 = Release|x64
		{976C5743-7A36-4461-8A22-EE1428465420}.Release|x86.ActiveCfg = Release|Win32
		{976C5743-7A36-4461-8A22-EE1428465420}.Release|x86.Build.0 = Release|Win32
		{E285A175-BF4C-4F07-B63A-EAFF9E13EB9B}.Debug|x64.ActiveCfg = Debug|x64
		{E285A175-BF4C-4F07-B63A-EAFF9E13EB9B}.Debug|x64.Build.0 = Debug|x64
		{E285A175-BF4C-4F07-B63A-EAFF9E13EB9B}.Debug|x86.ActiveCfg = Debug|Win32
		{E285A175-BF4C-4F07-B63A-EAFF9E13EB9B}.Debug|x86.Build.0 = Debug|Win32
		{E285A175-BF4C-4F07-B63A-EAFF9E13EB9B}.Release|x64.ActiveCfg = Release|x64
		{E285A175-BF4C-4F07-B63A-EAFF9E13EB9B}.Release|x64.Build.0 = Release|x64
		{E285A175-BF4C-4F07-B63A-EAFF9E13EB9B}.Release|x86.ActiveCfg = Release|Win32
		{E285A175-BF4C-4F07-B63A-EAFF9E13EB9B}.Release|x86.Build.0 = Release|Win32
		{FF1CCD6E-53EC-47EF-8161-AFB4E69CC737}.Debug|x64.ActiveCfg = Debug|x64
		{FF1CCD6E-53EC-47EF-8161-AFB4E69CC737}.Debug|x64.Build.0 = Debug|x64
		{FF1CCD6E-53EC-47EF-8161-AFB4E69CC737}.Debug|x86.ActiveCfg = Debug|Win32
		{FF1CCD6E-53EC-47EF-8161-AFB4E69CC737}.Debug|x86.Build.0 = Debug|Win32
		{FF1CCD6E-53EC-47EF-8161-AFB4E69CC737}.Release|x64.ActiveCfg = Release|x64
		{FF1CCD6E-53EC-47EF-8161-AFB4E69CC737}.Release|x64.Build.0 = Release|x64
		{FF1CCD6E-53EC-47EF-8161-AFB4E69CC737}.Release|x86.ActiveCfg = Release|Win32
		{FF1CCD6E-53EC-47EF-8161-AFB4E69CC737}.Release|x86.Build.0 = Release|Win32
	EndGlobalSection
	GlobalSection(SolutionProperties) = preSolution
		HideSolutionNode = FALSE
	EndGlobalSection
	GlobalSection(ExtensibilityGlobals) = postSolution
		SolutionGuid = {FB25855E-7BA9-4DCD-A44A-8FDE389BF2EB}
	EndGlobalSection
EndGlobal
