
Microsoft Visual Studio Solution File, Format Version 12.00
# Visual Studio Version 16
VisualStudioVersion = 16.0.29409.12
MinimumVisualStudioVersion = 10.0.40219.1
Project("{8BC9CEB8-8B4A-11D0-8D11-00A0C91BC942}") = "Project1", "Project1\Project1.vcxproj", "{FA18612B-5B72-4C3A-81F3-283F0C596B4E}"
EndProject
Project("{8BC9CEB8-8B4A-11D0-8D11-00A0C91BC942}") = "Project2", "Project2\Project2.vcxproj", "{9C02BDAF-6152-4729-87C7-6B5A85CF529E}"
EndProject
Project("{8BC9CEB8-8B4A-11D0-8D11-00A0C91BC942}") = "Project3", "Project3\Project3.vcxproj", "{5DF389B6-EC47-4FBB-BC33-945F1F0A51A3}"
EndProject
Global
	GlobalSection(SolutionConfigurationPlatforms) = preSolution
		Debug|x64 = Debug|x64
		Debug|x86 = Debug|x86
		Release|x64 = Release|x64
		Release|x86 = Release|x86
	EndGlobalSection
	GlobalSection(ProjectConfigurationPlatforms) = postSolution
		{FA18612B-5B72-4C3A-81F3-283F0C596B4E}.Debug|x64.ActiveCfg = Debug|x64
		{FA18612B-5B72-4C3A-81F3-283F0C596B4E}.Debug|x64.Build.0 = Debug|x64
		{FA18612B-5B72-4C3A-81F3-283F0C596B4E}.Debug|x86.ActiveCfg = Debug|Win32
		{FA18612B-5B72-4C3A-81F3-283F0C596B4E}.Debug|x86.Build.0 = Debug|Win32
		{FA18612B-5B72-4C3A-81F3-283F0C596B4E}.Release|x64.ActiveCfg = Release|x64
		{FA18612B-5B72-4C3A-81F3-283F0C596B4E}.Release|x64.Build.0 = Release|x64
		{FA18612B-5B72-4C3A-81F3-283F0C596B4E}.Release|x86.ActiveCfg = Release|Win32
		{FA18612B-5B72-4C3A-81F3-283F0C596B4E}.Release|x86.Build.0 = Release|Win32
		{9C02BDAF-6152-4729-87C7-6B5A85CF529E}.Debug|x64.ActiveCfg = Debug|x64
		{9C02BDAF-6152-4729-87C7-6B5A85CF529E}.Debug|x64.Build.0 = Debug|x64
		{9C02BDAF-6152-4729-87C7-6B5A85CF529E}.Debug|x86.ActiveCfg = Debug|Win32
		{9C02BDAF-6152-4729-87C7-6B5A85CF529E}.Debug|x86.Build.0 = Debug|Win32
		{9C02BDAF-6152-4729-87C7-6B5A85CF529E}.Release|x64.ActiveCfg = Release|x64
		{9C02BDAF-6152-4729-87C7-6B5A85CF529E}.Release|x64.Build.0 = Release|x64
		{9C02BDAF-6152-4729-87C7-6B5A85CF529E}.Release|x86.ActiveCfg = Release|Win32
		{9C02BDAF-6152-4729-87C7-6B5A85CF529E}.Release|x86.Build.0 = Release|Win32
		{5DF389B6-EC47-4FBB-BC33-945F1F0A51A3}.Debug|x64.ActiveCfg = Debug|x64
		{5DF389B6-EC47-4FBB-BC33-945F1F0A51A3}.Debug|x64.Build.0 = Debug|x64
		{5DF389B6-EC47-4FBB-BC33-945F1F0A51A3}.Debug|x86.ActiveCfg = Debug|Win32
		{5DF389B6-EC47-4FBB-BC33-945F1F0A51A3}.Debug|x86.Build.0 = Debug|Win32
		{5DF389B6-EC47-4FBB-BC33-945F1F0A51A3}.Release|x64.ActiveCfg = Release|x64
		{5DF389B6-EC47-4FBB-BC33-945F1F0A51A3}.Release|x64.Build.0 = Release|x64
		{5DF389B6-EC47-4FBB-BC33-945F1F0A51A3}.Release|x86.ActiveCfg = Release|Win32
		{5DF389B6-EC47-4FBB-BC33-945F1F0A51A3}.Release|x86.Build.0 = Release|Win32
	EndGlobalSection
	GlobalSection(SolutionProperties) = preSolution
		HideSolutionNode = FALSE
	EndGlobalSection
	GlobalSection(ExtensibilityGlobals) = postSolution
		SolutionGuid = {7B28737C-DB26-4338-AC97-721EE3306A95}
	EndGlobalSection
EndGlobal
