
Microsoft Visual Studio Solution File, Format Version 12.00
# Visual Studio Version 16
VisualStudioVersion = 16.0.29424.173
MinimumVisualStudioVersion = 10.0.40219.1
Project("{8BC9CEB8-8B4A-11D0-8D11-00A0C91BC942}") = "Project1", "Project1.vcxproj", "{4312CE06-D2DA-4680-BF12-078CD362FDF0}"
EndProject
Project("{8BC9CEB8-8B4A-11D0-8D11-00A0C91BC942}") = "Project2", "..\Project2\Project2.vcxproj", "{E4C572E3-4819-430D-9DA3-DDAFDFB0D076}"
EndProject
Project("{8BC9CEB8-8B4A-11D0-8D11-00A0C91BC942}") = "Project3", "..\Project3\Project3.vcxproj", "{D50B974C-860C-438B-8C11-CB8B12E4FE1C}"
EndProject
Project("{8BC9CEB8-8B4A-11D0-8D11-00A0C91BC942}") = "Project4", "..\Project4\Project4.vcxproj", "{F8B5BB71-E2CA-4C23-BF28-B2327579E30E}"
EndProject
Project("{8BC9CEB8-8B4A-11D0-8D11-00A0C91BC942}") = "Project5", "..\Project5\Project5.vcxproj", "{5B178BB9-1CE5-4077-9975-234BD459A1F5}"
EndProject
Project("{8BC9CEB8-8B4A-11D0-8D11-00A0C91BC942}") = "Project6", "..\Project6\Project6.vcxproj", "{091F89D9-7636-435B-99E7-1ED5DBA05C35}"
EndProject
Project("{8BC9CEB8-8B4A-11D0-8D11-00A0C91BC942}") = "Project7", "..\Project7\Project7.vcxproj", "{7D1159C6-FE5B-4D82-A91B-1446BE066E31}"
EndProject
Project("{8BC9CEB8-8B4A-11D0-8D11-00A0C91BC942}") = "Project8", "..\Project8\Project8.vcxproj", "{E5B962A5-7E7E-4911-8300-2B58D035A29D}"
EndProject
Project("{8BC9CEB8-8B4A-11D0-8D11-00A0C91BC942}") = "Project9", "..\Project9\Project9.vcxproj", "{4B34CAD8-1EF4-4D12-8681-1C1C7995D34E}"
EndProject
Project("{8BC9CEB8-8B4A-11D0-8D11-00A0C91BC942}") = "Project10", "..\Project10\Project10.vcxproj", "{6AFDED62-84F7-46B7-8C3C-EDAA52F24682}"
EndProject
Project("{8BC9CEB8-8B4A-11D0-8D11-00A0C91BC942}") = "Project11", "..\Project11\Project11.vcxproj", "{9B7A6124-2C1F-4D6A-BC96-70044C2CB692}"
EndProject
Project("{8BC9CEB8-8B4A-11D0-8D11-00A0C91BC942}") = "Project12", "..\Project12\Project12.vcxproj", "{E5463D86-7A7B-49FC-88F4-8B2477F87A5F}"
EndProject
Project("{8BC9CEB8-8B4A-11D0-8D11-00A0C91BC942}") = "Project13", "..\Project13\Project13.vcxproj", "{2118B7D5-B909-4775-B5F5-5B16C86EE366}"
EndProject
Project("{8BC9CEB8-8B4A-11D0-8D11-00A0C91BC942}") = "Project14", "..\Project14\Project14.vcxproj", "{40CB71E8-646F-4C5A-98A8-734CD8E0C770}"
EndProject
Project("{8BC9CEB8-8B4A-11D0-8D11-00A0C91BC942}") = "Project15", "..\Project15\Project15.vcxproj", "{87A46633-82BE-4A1F-A604-99F54899BDE4}"
EndProject
Project("{8BC9CEB8-8B4A-11D0-8D11-00A0C91BC942}") = "Project16", "..\Project16\Project16.vcxproj", "{F4597B2C-9C54-4197-899C-56940B0168C0}"
EndProject
Project("{8BC9CEB8-8B4A-11D0-8D11-00A0C91BC942}") = "Project17", "..\Project17\Project17.vcxproj", "{1589FC9E-3418-467C-AF6C-A2BAA6868418}"
EndProject
Project("{8BC9CEB8-8B4A-11D0-8D11-00A0C91BC942}") = "Project18", "..\Project18\Project18.vcxproj", "{B654C55A-33DE-449B-9A0F-8B5B75438661}"
EndProject
Project("{8BC9CEB8-8B4A-11D0-8D11-00A0C91BC942}") = "Project19", "..\Project19\Project19.vcxproj", "{D4AB3B47-546D-492A-8D3B-E94F893A1C3D}"
EndProject
Project("{8BC9CEB8-8B4A-11D0-8D11-00A0C91BC942}") = "Project20", "..\Project20\Project20.vcxproj", "{234AFF2E-0D76-43A5-ADB1-F3A0B911228E}"
EndProject
Project("{8BC9CEB8-8B4A-11D0-8D11-00A0C91BC942}") = "Project21", "..\Project21\Project21.vcxproj", "{13BFA8B8-B253-4087-A912-96F315CBA764}"
EndProject
Project("{8BC9CEB8-8B4A-11D0-8D11-00A0C91BC942}") = "Project22", "..\Project22\Project22.vcxproj", "{CE72DD13-55EC-427F-87B7-82042901DA4C}"
EndProject
Project("{8BC9CEB8-8B4A-11D0-8D11-00A0C91BC942}") = "Project23", "..\Project23\Project23.vcxproj", "{96B6E20D-D075-41A8-88EC-0B000BBA106A}"
EndProject
Project("{8BC9CEB8-8B4A-11D0-8D11-00A0C91BC942}") = "Project24", "..\Project24\Project24.vcxproj", "{7A61AD37-81FE-4FD6-8EBB-33D9E0EB0ED5}"
EndProject
Global
	GlobalSection(SolutionConfigurationPlatforms) = preSolution
		Debug|x64 = Debug|x64
		Debug|x86 = Debug|x86
		Release|x64 = Release|x64
		Release|x86 = Release|x86
	EndGlobalSection
	GlobalSection(ProjectConfigurationPlatforms) = postSolution
		{4312CE06-D2DA-4680-BF12-078CD362FDF0}.Debug|x64.ActiveCfg = Debug|x64
		{4312CE06-D2DA-4680-BF12-078CD362FDF0}.Debug|x64.Build.0 = Debug|x64
		{4312CE06-D2DA-4680-BF12-078CD362FDF0}.Debug|x86.ActiveCfg = Debug|Win32
		{4312CE06-D2DA-4680-BF12-078CD362FDF0}.Debug|x86.Build.0 = Debug|Win32
		{4312CE06-D2DA-4680-BF12-078CD362FDF0}.Release|x64.ActiveCfg = Release|x64
		{4312CE06-D2DA-4680-BF12-078CD362FDF0}.Release|x64.Build.0 = Release|x64
		{4312CE06-D2DA-4680-BF12-078CD362FDF0}.Release|x86.ActiveCfg = Release|Win32
		{4312CE06-D2DA-4680-BF12-078CD362FDF0}.Release|x86.Build.0 = Release|Win32
		{E4C572E3-4819-430D-9DA3-DDAFDFB0D076}.Debug|x64.ActiveCfg = Debug|x64
		{E4C572E3-4819-430D-9DA3-DDAFDFB0D076}.Debug|x64.Build.0 = Debug|x64
		{E4C572E3-4819-430D-9DA3-DDAFDFB0D076}.Debug|x86.ActiveCfg = Debug|Win32
		{E4C572E3-4819-430D-9DA3-DDAFDFB0D076}.Debug|x86.Build.0 = Debug|Win32
		{E4C572E3-4819-430D-9DA3-DDAFDFB0D076}.Release|x64.ActiveCfg = Release|x64
		{E4C572E3-4819-430D-9DA3-DDAFDFB0D076}.Release|x64.Build.0 = Release|x64
		{E4C572E3-4819-430D-9DA3-DDAFDFB0D076}.Release|x86.ActiveCfg = Release|Win32
		{E4C572E3-4819-430D-9DA3-DDAFDFB0D076}.Release|x86.Build.0 = Release|Win32
		{D50B974C-860C-438B-8C11-CB8B12E4FE1C}.Debug|x64.ActiveCfg = Debug|x64
		{D50B974C-860C-438B-8C11-CB8B12E4FE1C}.Debug|x64.Build.0 = Debug|x64
		{D50B974C-860C-438B-8C11-CB8B12E4FE1C}.Debug|x86.ActiveCfg = Debug|Win32
		{D50B974C-860C-438B-8C11-CB8B12E4FE1C}.Debug|x86.Build.0 = Debug|Win32
		{D50B974C-860C-438B-8C11-CB8B12E4FE1C}.Release|x64.ActiveCfg = Release|x64
		{D50B974C-860C-438B-8C11-CB8B12E4FE1C}.Release|x64.Build.0 = Release|x64
		{D50B974C-860C-438B-8C11-CB8B12E4FE1C}.Release|x86.ActiveCfg = Release|Win32
		{D50B974C-860C-438B-8C11-CB8B12E4FE1C}.Release|x86.Build.0 = Release|Win32
		{F8B5BB71-E2CA-4C23-BF28-B2327579E30E}.Debug|x64.ActiveCfg = Debug|x64
		{F8B5BB71-E2CA-4C23-BF28-B2327579E30E}.Debug|x64.Build.0 = Debug|x64
		{F8B5BB71-E2CA-4C23-BF28-B2327579E30E}.Debug|x86.ActiveCfg = Debug|Win32
		{F8B5BB71-E2CA-4C23-BF28-B2327579E30E}.Debug|x86.Build.0 = Debug|Win32
		{F8B5BB71-E2CA-4C23-BF28-B2327579E30E}.Release|x64.ActiveCfg = Release|x64
		{F8B5BB71-E2CA-4C23-BF28-B2327579E30E}.Release|x64.Build.0 = Release|x64
		{F8B5BB71-E2CA-4C23-BF28-B2327579E30E}.Release|x86.ActiveCfg = Release|Win32
		{F8B5BB71-E2CA-4C23-BF28-B2327579E30E}.Release|x86.Build.0 = Release|Win32
		{5B178BB9-1CE5-4077-9975-234BD459A1F5}.Debug|x64.ActiveCfg = Debug|x64
		{5B178BB9-1CE5-4077-9975-234BD459A1F5}.Debug|x64.Build.0 = Debug|x64
		{5B178BB9-1CE5-4077-9975-234BD459A1F5}.Debug|x86.ActiveCfg = Debug|Win32
		{5B178BB9-1CE5-4077-9975-234BD459A1F5}.Debug|x86.Build.0 = Debug|Win32
		{5B178BB9-1CE5-4077-9975-234BD459A1F5}.Release|x64.ActiveCfg = Release|x64
		{5B178BB9-1CE5-4077-9975-234BD459A1F5}.Release|x64.Build.0 = Release|x64
		{5B178BB9-1CE5-4077-9975-234BD459A1F5}.Release|x86.ActiveCfg = Release|Win32
		{5B178BB9-1CE5-4077-9975-234BD459A1F5}.Release|x86.Build.0 = Release|Win32
		{091F89D9-7636-435B-99E7-1ED5DBA05C35}.Debug|x64.ActiveCfg = Debug|x64
		{091F89D9-7636-435B-99E7-1ED5DBA05C35}.Debug|x64.Build.0 = Debug|x64
		{091F89D9-7636-435B-99E7-1ED5DBA05C35}.Debug|x86.ActiveCfg = Debug|Win32
		{091F89D9-7636-435B-99E7-1ED5DBA05C35}.Debug|x86.Build.0 = Debug|Win32
		{091F89D9-7636-435B-99E7-1ED5DBA05C35}.Release|x64.ActiveCfg = Release|x64
		{091F89D9-7636-435B-99E7-1ED5DBA05C35}.Release|x64.Build.0 = Release|x64
		{091F89D9-7636-435B-99E7-1ED5DBA05C35}.Release|x86.ActiveCfg = Release|Win32
		{091F89D9-7636-435B-99E7-1ED5DBA05C35}.Release|x86.Build.0 = Release|Win32
		{7D1159C6-FE5B-4D82-A91B-1446BE066E31}.Debug|x64.ActiveCfg = Debug|x64
		{7D1159C6-FE5B-4D82-A91B-1446BE066E31}.Debug|x64.Build.0 = Debug|x64
		{7D1159C6-FE5B-4D82-A91B-1446BE066E31}.Debug|x86.ActiveCfg = Debug|Win32
		{7D1159C6-FE5B-4D82-A91B-1446BE066E31}.Debug|x86.Build.0 = Debug|Win32
		{7D1159C6-FE5B-4D82-A91B-1446BE066E31}.Release|x64.ActiveCfg = Release|x64
		{7D1159C6-FE5B-4D82-A91B-1446BE066E31}.Release|x64.Build.0 = Release|x64
		{7D1159C6-FE5B-4D82-A91B-1446BE066E31}.Release|x86.ActiveCfg = Release|Win32
		{7D1159C6-FE5B-4D82-A91B-1446BE066E31}.Release|x86.Build.0 = Release|Win32
		{E5B962A5-7E7E-4911-8300-2B58D035A29D}.Debug|x64.ActiveCfg = Debug|x64
		{E5B962A5-7E7E-4911-8300-2B58D035A29D}.Debug|x64.Build.0 = Debug|x64
		{E5B962A5-7E7E-4911-8300-2B58D035A29D}.Debug|x86.ActiveCfg = Debug|Win32
		{E5B962A5-7E7E-4911-8300-2B58D035A29D}.Debug|x86.Build.0 = Debug|Win32
		{E5B962A5-7E7E-4911-8300-2B58D035A29D}.Release|x64.ActiveCfg = Release|x64
		{E5B962A5-7E7E-4911-8300-2B58D035A29D}.Release|x64.Build.0 = Release|x64
		{E5B962A5-7E7E-4911-8300-2B58D035A29D}.Release|x86.ActiveCfg = Release|Win32
		{E5B962A5-7E7E-4911-8300-2B58D035A29D}.Release|x86.Build.0 = Release|Win32
		{4B34CAD8-1EF4-4D12-8681-1C1C7995D34E}.Debug|x64.ActiveCfg = Debug|x64
		{4B34CAD8-1EF4-4D12-8681-1C1C7995D34E}.Debug|x64.Build.0 = Debug|x64
		{4B34CAD8-1EF4-4D12-8681-1C1C7995D34E}.Debug|x86.ActiveCfg = Debug|Win32
		{4B34CAD8-1EF4-4D12-8681-1C1C7995D34E}.Debug|x86.Build.0 = Debug|Win32
		{4B34CAD8-1EF4-4D12-8681-1C1C7995D34E}.Release|x64.ActiveCfg = Release|x64
		{4B34CAD8-1EF4-4D12-8681-1C1C7995D34E}.Release|x64.Build.0 = Release|x64
		{4B34CAD8-1EF4-4D12-8681-1C1C7995D34E}.Release|x86.ActiveCfg = Release|Win32
		{4B34CAD8-1EF4-4D12-8681-1C1C7995D34E}.Release|x86.Build.0 = Release|Win32
		{6AFDED62-84F7-46B7-8C3C-EDAA52F24682}.Debug|x64.ActiveCfg = Debug|x64
		{6AFDED62-84F7-46B7-8C3C-EDAA52F24682}.Debug|x64.Build.0 = Debug|x64
		{6AFDED62-84F7-46B7-8C3C-EDAA52F24682}.Debug|x86.ActiveCfg = Debug|Win32
		{6AFDED62-84F7-46B7-8C3C-EDAA52F24682}.Debug|x86.Build.0 = Debug|Win32
		{6AFDED62-84F7-46B7-8C3C-EDAA52F24682}.Release|x64.ActiveCfg = Release|x64
		{6AFDED62-84F7-46B7-8C3C-EDAA52F24682}.Release|x64.Build.0 = Release|x64
		{6AFDED62-84F7-46B7-8C3C-EDAA52F24682}.Release|x86.ActiveCfg = Release|Win32
		{6AFDED62-84F7-46B7-8C3C-EDAA52F24682}.Release|x86.Build.0 = Release|Win32
		{9B7A6124-2C1F-4D6A-BC96-70044C2CB692}.Debug|x64.ActiveCfg = Debug|x64
		{9B7A6124-2C1F-4D6A-BC96-70044C2CB692}.Debug|x64.Build.0 = Debug|x64
		{9B7A6124-2C1F-4D6A-BC96-70044C2CB692}.Debug|x86.ActiveCfg = Debug|Win32
		{9B7A6124-2C1F-4D6A-BC96-70044C2CB692}.Debug|x86.Build.0 = Debug|Win32
		{9B7A6124-2C1F-4D6A-BC96-70044C2CB692}.Release|x64.ActiveCfg = Release|x64
		{9B7A6124-2C1F-4D6A-BC96-70044C2CB692}.Release|x64.Build.0 = Release|x64
		{9B7A6124-2C1F-4D6A-BC96-70044C2CB692}.Release|x86.ActiveCfg = Release|Win32
		{9B7A6124-2C1F-4D6A-BC96-70044C2CB692}.Release|x86.Build.0 = Release|Win32
		{E5463D86-7A7B-49FC-88F4-8B2477F87A5F}.Debug|x64.ActiveCfg = Debug|x64
		{E5463D86-7A7B-49FC-88F4-8B2477F87A5F}.Debug|x64.Build.0 = Debug|x64
		{E5463D86-7A7B-49FC-88F4-8B2477F87A5F}.Debug|x86.ActiveCfg = Debug|Win32
		{E5463D86-7A7B-49FC-88F4-8B2477F87A5F}.Debug|x86.Build.0 = Debug|Win32
		{E5463D86-7A7B-49FC-88F4-8B2477F87A5F}.Release|x64.ActiveCfg = Release|x64
		{E5463D86-7A7B-49FC-88F4-8B2477F87A5F}.Release|x64.Build.0 = Release|x64
		{E5463D86-7A7B-49FC-88F4-8B2477F87A5F}.Release|x86.ActiveCfg = Release|Win32
		{E5463D86-7A7B-49FC-88F4-8B2477F87A5F}.Release|x86.Build.0 = Release|Win32
		{2118B7D5-B909-4775-B5F5-5B16C86EE366}.Debug|x64.ActiveCfg = Debug|x64
		{2118B7D5-B909-4775-B5F5-5B16C86EE366}.Debug|x64.Build.0 = Debug|x64
		{2118B7D5-B909-4775-B5F5-5B16C86EE366}.Debug|x86.ActiveCfg = Debug|Win32
		{2118B7D5-B909-4775-B5F5-5B16C86EE366}.Debug|x86.Build.0 = Debug|Win32
		{2118B7D5-B909-4775-B5F5-5B16C86EE366}.Release|x64.ActiveCfg = Release|x64
		{2118B7D5-B909-4775-B5F5-5B16C86EE366}.Release|x64.Build.0 = Release|x64
		{2118B7D5-B909-4775-B5F5-5B16C86EE366}.Release|x86.ActiveCfg = Release|Win32
		{2118B7D5-B909-4775-B5F5-5B16C86EE366}.Release|x86.Build.0 = Release|Win32
		{40CB71E8-646F-4C5A-98A8-734CD8E0C770}.Debug|x64.ActiveCfg = Debug|x64
		{40CB71E8-646F-4C5A-98A8-734CD8E0C770}.Debug|x64.Build.0 = Debug|x64
		{40CB71E8-646F-4C5A-98A8-734CD8E0C770}.Debug|x86.ActiveCfg = Debug|Win32
		{40CB71E8-646F-4C5A-98A8-734CD8E0C770}.Debug|x86.Build.0 = Debug|Win32
		{40CB71E8-646F-4C5A-98A8-734CD8E0C770}.Release|x64.ActiveCfg = Release|x64
		{40CB71E8-646F-4C5A-98A8-734CD8E0C770}.Release|x64.Build.0 = Release|x64
		{40CB71E8-646F-4C5A-98A8-734CD8E0C770}.Release|x86.ActiveCfg = Release|Win32
		{40CB71E8-646F-4C5A-98A8-734CD8E0C770}.Release|x86.Build.0 = Release|Win32
		{87A46633-82BE-4A1F-A604-99F54899BDE4}.Debug|x64.ActiveCfg = Debug|x64
		{87A46633-82BE-4A1F-A604-99F54899BDE4}.Debug|x64.Build.0 = Debug|x64
		{87A46633-82BE-4A1F-A604-99F54899BDE4}.Debug|x86.ActiveCfg = Debug|Win32
		{87A46633-82BE-4A1F-A604-99F54899BDE4}.Debug|x86.Build.0 = Debug|Win32
		{87A46633-82BE-4A1F-A604-99F54899BDE4}.Release|x64.ActiveCfg = Release|x64
		{87A46633-82BE-4A1F-A604-99F54899BDE4}.Release|x64.Build.0 = Release|x64
		{87A46633-82BE-4A1F-A604-99F54899BDE4}.Release|x86.ActiveCfg = Release|Win32
		{87A46633-82BE-4A1F-A604-99F54899BDE4}.Release|x86.Build.0 = Release|Win32
		{F4597B2C-9C54-4197-899C-56940B0168C0}.Debug|x64.ActiveCfg = Debug|x64
		{F4597B2C-9C54-4197-899C-56940B0168C0}.Debug|x64.Build.0 = Debug|x64
		{F4597B2C-9C54-4197-899C-56940B0168C0}.Debug|x86.ActiveCfg = Debug|Win32
		{F4597B2C-9C54-4197-899C-56940B0168C0}.Debug|x86.Build.0 = Debug|Win32
		{F4597B2C-9C54-4197-899C-56940B0168C0}.Release|x64.ActiveCfg = Release|x64
		{F4597B2C-9C54-4197-899C-56940B0168C0}.Release|x64.Build.0 = Release|x64
		{F4597B2C-9C54-4197-899C-56940B0168C0}.Release|x86.ActiveCfg = Release|Win32
		{F4597B2C-9C54-4197-899C-56940B0168C0}.Release|x86.Build.0 = Release|Win32
		{1589FC9E-3418-467C-AF6C-A2BAA6868418}.Debug|x64.ActiveCfg = Debug|x64
		{1589FC9E-3418-467C-AF6C-A2BAA6868418}.Debug|x64.Build.0 = Debug|x64
		{1589FC9E-3418-467C-AF6C-A2BAA6868418}.Debug|x86.ActiveCfg = Debug|Win32
		{1589FC9E-3418-467C-AF6C-A2BAA6868418}.Debug|x86.Build.0 = Debug|Win32
		{1589FC9E-3418-467C-AF6C-A2BAA6868418}.Release|x64.ActiveCfg = Release|x64
		{1589FC9E-3418-467C-AF6C-A2BAA6868418}.Release|x64.Build.0 = Release|x64
		{1589FC9E-3418-467C-AF6C-A2BAA6868418}.Release|x86.ActiveCfg = Release|Win32
		{1589FC9E-3418-467C-AF6C-A2BAA6868418}.Release|x86.Build.0 = Release|Win32
		{B654C55A-33DE-449B-9A0F-8B5B75438661}.Debug|x64.ActiveCfg = Debug|x64
		{B654C55A-33DE-449B-9A0F-8B5B75438661}.Debug|x64.Build.0 = Debug|x64
		{B654C55A-33DE-449B-9A0F-8B5B75438661}.Debug|x86.ActiveCfg = Debug|Win32
		{B654C55A-33DE-449B-9A0F-8B5B75438661}.Debug|x86.Build.0 = Debug|Win32
		{B654C55A-33DE-449B-9A0F-8B5B75438661}.Release|x64.ActiveCfg = Release|x64
		{B654C55A-33DE-449B-9A0F-8B5B75438661}.Release|x64.Build.0 = Release|x64
		{B654C55A-33DE-449B-9A0F-8B5B75438661}.Release|x86.ActiveCfg = Release|Win32
		{B654C55A-33DE-449B-9A0F-8B5B75438661}.Release|x86.Build.0 = Release|Win32
		{D4AB3B47-546D-492A-8D3B-E94F893A1C3D}.Debug|x64.ActiveCfg = Debug|x64
		{D4AB3B47-546D-492A-8D3B-E94F893A1C3D}.Debug|x64.Build.0 = Debug|x64
		{D4AB3B47-546D-492A-8D3B-E94F893A1C3D}.Debug|x86.ActiveCfg = Debug|Win32
		{D4AB3B47-546D-492A-8D3B-E94F893A1C3D}.Debug|x86.Build.0 = Debug|Win32
		{D4AB3B47-546D-492A-8D3B-E94F893A1C3D}.Release|x64.ActiveCfg = Release|x64
		{D4AB3B47-546D-492A-8D3B-E94F893A1C3D}.Release|x64.Build.0 = Release|x64
		{D4AB3B47-546D-492A-8D3B-E94F893A1C3D}.Release|x86.ActiveCfg = Release|Win32
		{D4AB3B47-546D-492A-8D3B-E94F893A1C3D}.Release|x86.Build.0 = Release|Win32
		{234AFF2E-0D76-43A5-ADB1-F3A0B911228E}.Debug|x64.ActiveCfg = Debug|x64
		{234AFF2E-0D76-43A5-ADB1-F3A0B911228E}.Debug|x64.Build.0 = Debug|x64
		{234AFF2E-0D76-43A5-ADB1-F3A0B911228E}.Debug|x86.ActiveCfg = Debug|Win32
		{234AFF2E-0D76-43A5-ADB1-F3A0B911228E}.Debug|x86.Build.0 = Debug|Win32
		{234AFF2E-0D76-43A5-ADB1-F3A0B911228E}.Release|x64.ActiveCfg = Release|x64
		{234AFF2E-0D76-43A5-ADB1-F3A0B911228E}.Release|x64.Build.0 = Release|x64
		{234AFF2E-0D76-43A5-ADB1-F3A0B911228E}.Release|x86.ActiveCfg = Release|Win32
		{234AFF2E-0D76-43A5-ADB1-F3A0B911228E}.Release|x86.Build.0 = Release|Win32
		{13BFA8B8-B253-4087-A912-96F315CBA764}.Debug|x64.ActiveCfg = Debug|x64
		{13BFA8B8-B253-4087-A912-96F315CBA764}.Debug|x64.Build.0 = Debug|x64
		{13BFA8B8-B253-4087-A912-96F315CBA764}.Debug|x86.ActiveCfg = Debug|Win32
		{13BFA8B8-B253-4087-A912-96F315CBA764}.Debug|x86.Build.0 = Debug|Win32
		{13BFA8B8-B253-4087-A912-96F315CBA764}.Release|x64.ActiveCfg = Release|x64
		{13BFA8B8-B253-4087-A912-96F315CBA764}.Release|x64.Build.0 = Release|x64
		{13BFA8B8-B253-4087-A912-96F315CBA764}.Release|x86.ActiveCfg = Release|Win32
		{13BFA8B8-B253-4087-A912-96F315CBA764}.Release|x86.Build.0 = Release|Win32
		{CE72DD13-55EC-427F-87B7-82042901DA4C}.Debug|x64.ActiveCfg = Debug|x64
		{CE72DD13-55EC-427F-87B7-82042901DA4C}.Debug|x64.Build.0 = Debug|x64
		{CE72DD13-55EC-427F-87B7-82042901DA4C}.Debug|x86.ActiveCfg = Debug|Win32
		{CE72DD13-55EC-427F-87B7-82042901DA4C}.Debug|x86.Build.0 = Debug|Win32
		{CE72DD13-55EC-427F-87B7-82042901DA4C}.Release|x64.ActiveCfg = Release|x64
		{CE72DD13-55EC-427F-87B7-82042901DA4C}.Release|x64.Build.0 = Release|x64
		{CE72DD13-55EC-427F-87B7-82042901DA4C}.Release|x86.ActiveCfg = Release|Win32
		{CE72DD13-55EC-427F-87B7-82042901DA4C}.Release|x86.Build.0 = Release|Win32
		{96B6E20D-D075-41A8-88EC-0B000BBA106A}.Debug|x64.ActiveCfg = Debug|x64
		{96B6E20D-D075-41A8-88EC-0B000BBA106A}.Debug|x64.Build.0 = Debug|x64
		{96B6E20D-D075-41A8-88EC-0B000BBA106A}.Debug|x86.ActiveCfg = Debug|Win32
		{96B6E20D-D075-41A8-88EC-0B000BBA106A}.Debug|x86.Build.0 = Debug|Win32
		{96B6E20D-D075-41A8-88EC-0B000BBA106A}.Release|x64.ActiveCfg = Release|x64
		{96B6E20D-D075-41A8-88EC-0B000BBA106A}.Release|x64.Build.0 = Release|x64
		{96B6E20D-D075-41A8-88EC-0B000BBA106A}.Release|x86.ActiveCfg = Release|Win32
		{96B6E20D-D075-41A8-88EC-0B000BBA106A}.Release|x86.Build.0 = Release|Win32
		{7A61AD37-81FE-4FD6-8EBB-33D9E0EB0ED5}.Debug|x64.ActiveCfg = Debug|x64
		{7A61AD37-81FE-4FD6-8EBB-33D9E0EB0ED5}.Debug|x64.Build.0 = Debug|x64
		{7A61AD37-81FE-4FD6-8EBB-33D9E0EB0ED5}.Debug|x86.ActiveCfg = Debug|Win32
		{7A61AD37-81FE-4FD6-8EBB-33D9E0EB0ED5}.Debug|x86.Build.0 = Debug|Win32
		{7A61AD37-81FE-4FD6-8EBB-33D9E0EB0ED5}.Release|x64.ActiveCfg = Release|x64
		{7A61AD37-81FE-4FD6-8EBB-33D9E0EB0ED5}.Release|x64.Build.0 = Release|x64
		{7A61AD37-81FE-4FD6-8EBB-33D9E0EB0ED5}.Release|x86.ActiveCfg = Release|Win32
		{7A61AD37-81FE-4FD6-8EBB-33D9E0EB0ED5}.Release|x86.Build.0 = Release|Win32
	EndGlobalSection
	GlobalSection(SolutionProperties) = preSolution
		HideSolutionNode = FALSE
	EndGlobalSection
	GlobalSection(ExtensibilityGlobals) = postSolution
		SolutionGuid = {151A7EAF-5730-4CBB-8851-585BDB09F5D7}
	EndGlobalSection
EndGlobal
