
Microsoft Visual Studio Solution File, Format Version 12.00
# Visual Studio Version 16
VisualStudioVersion = 16.0.29409.12
MinimumVisualStudioVersion = 10.0.40219.1
Project("{8BC9CEB8-8B4A-11D0-8D11-00A0C91BC942}") = "Project1", "Project1\Project1.vcxproj", "{24A003AF-94FB-464B-9494-CE0ABF7B4FAA}"
EndProject
Project("{8BC9CEB8-8B4A-11D0-8D11-00A0C91BC942}") = "Project2", "Project2\Project2.vcxproj", "{50FE2885-C53B-4C3F-A507-942307DCEC2B}"
EndProject
Project("{8BC9CEB8-8B4A-11D0-8D11-00A0C91BC942}") = "Project3", "Project3\Project3.vcxproj", "{45AD2E0F-1CD4-4996-AE07-A39E1E71DC77}"
EndProject
Project("{8BC9CEB8-8B4A-11D0-8D11-00A0C91BC942}") = "Project4", "Project4\Project4.vcxproj", "{1433EC80-48A5-4BE2-A8F3-DFB16D918151}"
EndProject
Project("{8BC9CEB8-8B4A-11D0-8D11-00A0C91BC942}") = "Project5", "Project5\Project5.vcxproj", "{65A7FC85-F608-4936-A538-EE30D00FB725}"
EndProject
Project("{8BC9CEB8-8B4A-11D0-8D11-00A0C91BC942}") = "Project6", "Project6\Project6.vcxproj", "{42E77293-AEC8-464A-9AB8-34DEF696D125}"
EndProject
Project("{8BC9CEB8-8B4A-11D0-8D11-00A0C91BC942}") = "Project7", "Project7\Project7.vcxproj", "{FF749B46-CC0B-48CB-9C40-AED73519459D}"
EndProject
Project("{8BC9CEB8-8B4A-11D0-8D11-00A0C91BC942}") = "Project8", "Project8\Project8.vcxproj", "{09E1BE47-D68A-4551-85CD-D3408106A212}"
EndProject
Project("{8BC9CEB8-8B4A-11D0-8D11-00A0C91BC942}") = "Project9", "Project9\Project9.vcxproj", "{206D53B8-113B-4FF0-8A98-032E4852345D}"
EndProject
Project("{8BC9CEB8-8B4A-11D0-8D11-00A0C91BC942}") = "Project10", "Project10\Project10.vcxproj", "{F7E95D30-8B06-4481-A30B-228FA541D434}"
EndProject
Project("{8BC9CEB8-8B4A-11D0-8D11-00A0C91BC942}") = "Project11", "Project11\Project11.vcxproj", "{B9C43D77-C643-4A1B-8AE6-C050F9214A9B}"
EndProject
Project("{8BC9CEB8-8B4A-11D0-8D11-00A0C91BC942}") = "Project12", "Project12\Project12.vcxproj", "{9B3025FA-5101-4AF7-B570-E4FC57BD560E}"
EndProject
Project("{8BC9CEB8-8B4A-11D0-8D11-00A0C91BC942}") = "Project13", "Project13\Project13.vcxproj", "{3FBC7034-646C-456A-8D0F-9C973DEB1D2E}"
EndProject
Project("{8BC9CEB8-8B4A-11D0-8D11-00A0C91BC942}") = "Project14", "Project14\Project14.vcxproj", "{430C8A61-F961-4EB3-B56B-5B3CA57E2D05}"
EndProject
Project("{8BC9CEB8-8B4A-11D0-8D11-00A0C91BC942}") = "Project15", "Project15\Project15.vcxproj", "{BD73EE59-4F87-4AB7-B5C6-45723DF9ADA2}"
EndProject
Project("{8BC9CEB8-8B4A-11D0-8D11-00A0C91BC942}") = "Project16", "Project16\Project16.vcxproj", "{23B1FCB2-34D8-4830-B454-4C75125AF2B9}"
EndProject
Project("{8BC9CEB8-8B4A-11D0-8D11-00A0C91BC942}") = "Project17", "Project17\Project17.vcxproj", "{C647FE54-EEF6-455A-A1AB-0E839E7AF664}"
EndProject
Project("{8BC9CEB8-8B4A-11D0-8D11-00A0C91BC942}") = "Project18", "Project18\Project18.vcxproj", "{B47ACA87-4CE8-4246-AEF5-6A9BF2C8C8C3}"
EndProject
Project("{8BC9CEB8-8B4A-11D0-8D11-00A0C91BC942}") = "Project19", "Project19\Project19.vcxproj", "{E1A8C503-B5B5-4250-BB57-86E94A94C36E}"
EndProject
Project("{8BC9CEB8-8B4A-11D0-8D11-00A0C91BC942}") = "Project20", "Project20\Project20.vcxproj", "{A8E2F2DC-F3C1-401D-9A4F-FDAA8B859876}"
EndProject
Project("{8BC9CEB8-8B4A-11D0-8D11-00A0C91BC942}") = "Project21", "Project21\Project21.vcxproj", "{DDE04141-342E-43E4-A987-3DC67657C59C}"
EndProject
Project("{8BC9CEB8-8B4A-11D0-8D11-00A0C91BC942}") = "Project22", "Project22\Project22.vcxproj", "{93EE9319-ED71-4D81-86B8-23B90D2F9E2A}"
EndProject
Project("{8BC9CEB8-8B4A-11D0-8D11-00A0C91BC942}") = "Project23", "Project23\Project23.vcxproj", "{C0424D9D-AD60-422A-9B1C-E2F7952FDD41}"
EndProject
Project("{8BC9CEB8-8B4A-11D0-8D11-00A0C91BC942}") = "Project24", "Project24\Project24.vcxproj", "{EC46EB76-03AA-46C3-BDEE-A5CFD7886F6B}"
EndProject
Project("{8BC9CEB8-8B4A-11D0-8D11-00A0C91BC942}") = "Project25", "Project25\Project25.vcxproj", "{A42019F3-013A-47CD-A9AB-30143B7633C4}"
EndProject
Global
	GlobalSection(SolutionConfigurationPlatforms) = preSolution
		Debug|x64 = Debug|x64
		Debug|x86 = Debug|x86
		Release|x64 = Release|x64
		Release|x86 = Release|x86
	EndGlobalSection
	GlobalSection(ProjectConfigurationPlatforms) = postSolution
		{24A003AF-94FB-464B-9494-CE0ABF7B4FAA}.Debug|x64.ActiveCfg = Debug|x64
		{24A003AF-94FB-464B-9494-CE0ABF7B4FAA}.Debug|x64.Build.0 = Debug|x64
		{24A003AF-94FB-464B-9494-CE0ABF7B4FAA}.Debug|x86.ActiveCfg = Debug|Win32
		{24A003AF-94FB-464B-9494-CE0ABF7B4FAA}.Debug|x86.Build.0 = Debug|Win32
		{24A003AF-94FB-464B-9494-CE0ABF7B4FAA}.Release|x64.ActiveCfg = Release|x64
		{24A003AF-94FB-464B-9494-CE0ABF7B4FAA}.Release|x64.Build.0 = Release|x64
		{24A003AF-94FB-464B-9494-CE0ABF7B4FAA}.Release|x86.ActiveCfg = Release|Win32
		{24A003AF-94FB-464B-9494-CE0ABF7B4FAA}.Release|x86.Build.0 = Release|Win32
		{50FE2885-C53B-4C3F-A507-942307DCEC2B}.Debug|x64.ActiveCfg = Debug|x64
		{50FE2885-C53B-4C3F-A507-942307DCEC2B}.Debug|x64.Build.0 = Debug|x64
		{50FE2885-C53B-4C3F-A507-942307DCEC2B}.Debug|x86.ActiveCfg = Debug|Win32
		{50FE2885-C53B-4C3F-A507-942307DCEC2B}.Debug|x86.Build.0 = Debug|Win32
		{50FE2885-C53B-4C3F-A507-942307DCEC2B}.Release|x64.ActiveCfg = Release|x64
		{50FE2885-C53B-4C3F-A507-942307DCEC2B}.Release|x64.Build.0 = Release|x64
		{50FE2885-C53B-4C3F-A507-942307DCEC2B}.Release|x86.ActiveCfg = Release|Win32
		{50FE2885-C53B-4C3F-A507-942307DCEC2B}.Release|x86.Build.0 = Release|Win32
		{45AD2E0F-1CD4-4996-AE07-A39E1E71DC77}.Debug|x64.ActiveCfg = Debug|x64
		{45AD2E0F-1CD4-4996-AE07-A39E1E71DC77}.Debug|x64.Build.0 = Debug|x64
		{45AD2E0F-1CD4-4996-AE07-A39E1E71DC77}.Debug|x86.ActiveCfg = Debug|Win32
		{45AD2E0F-1CD4-4996-AE07-A39E1E71DC77}.Debug|x86.Build.0 = Debug|Win32
		{45AD2E0F-1CD4-4996-AE07-A39E1E71DC77}.Release|x64.ActiveCfg = Release|x64
		{45AD2E0F-1CD4-4996-AE07-A39E1E71DC77}.Release|x64.Build.0 = Release|x64
		{45AD2E0F-1CD4-4996-AE07-A39E1E71DC77}.Release|x86.ActiveCfg = Release|Win32
		{45AD2E0F-1CD4-4996-AE07-A39E1E71DC77}.Release|x86.Build.0 = Release|Win32
		{1433EC80-48A5-4BE2-A8F3-DFB16D918151}.Debug|x64.ActiveCfg = Debug|x64
		{1433EC80-48A5-4BE2-A8F3-DFB16D918151}.Debug|x64.Build.0 = Debug|x64
		{1433EC80-48A5-4BE2-A8F3-DFB16D918151}.Debug|x86.ActiveCfg = Debug|Win32
		{1433EC80-48A5-4BE2-A8F3-DFB16D918151}.Debug|x86.Build.0 = Debug|Win32
		{1433EC80-48A5-4BE2-A8F3-DFB16D918151}.Release|x64.ActiveCfg = Release|x64
		{1433EC80-48A5-4BE2-A8F3-DFB16D918151}.Release|x64.Build.0 = Release|x64
		{1433EC80-48A5-4BE2-A8F3-DFB16D918151}.Release|x86.ActiveCfg = Release|Win32
		{1433EC80-48A5-4BE2-A8F3-DFB16D918151}.Release|x86.Build.0 = Release|Win32
		{65A7FC85-F608-4936-A538-EE30D00FB725}.Debug|x64.ActiveCfg = Debug|x64
		{65A7FC85-F608-4936-A538-EE30D00FB725}.Debug|x64.Build.0 = Debug|x64
		{65A7FC85-F608-4936-A538-EE30D00FB725}.Debug|x86.ActiveCfg = Debug|Win32
		{65A7FC85-F608-4936-A538-EE30D00FB725}.Debug|x86.Build.0 = Debug|Win32
		{65A7FC85-F608-4936-A538-EE30D00FB725}.Release|x64.ActiveCfg = Release|x64
		{65A7FC85-F608-4936-A538-EE30D00FB725}.Release|x64.Build.0 = Release|x64
		{65A7FC85-F608-4936-A538-EE30D00FB725}.Release|x86.ActiveCfg = Release|Win32
		{65A7FC85-F608-4936-A538-EE30D00FB725}.Release|x86.Build.0 = Release|Win32
		{42E77293-AEC8-464A-9AB8-34DEF696D125}.Debug|x64.ActiveCfg = Debug|x64
		{42E77293-AEC8-464A-9AB8-34DEF696D125}.Debug|x64.Build.0 = Debug|x64
		{42E77293-AEC8-464A-9AB8-34DEF696D125}.Debug|x86.ActiveCfg = Debug|Win32
		{42E77293-AEC8-464A-9AB8-34DEF696D125}.Debug|x86.Build.0 = Debug|Win32
		{42E77293-AEC8-464A-9AB8-34DEF696D125}.Release|x64.ActiveCfg = Release|x64
		{42E77293-AEC8-464A-9AB8-34DEF696D125}.Release|x64.Build.0 = Release|x64
		{42E77293-AEC8-464A-9AB8-34DEF696D125}.Release|x86.ActiveCfg = Release|Win32
		{42E77293-AEC8-464A-9AB8-34DEF696D125}.Release|x86.Build.0 = Release|Win32
		{FF749B46-CC0B-48CB-9C40-AED73519459D}.Debug|x64.ActiveCfg = Debug|x64
		{FF749B46-CC0B-48CB-9C40-AED73519459D}.Debug|x64.Build.0 = Debug|x64
		{FF749B46-CC0B-48CB-9C40-AED73519459D}.Debug|x86.ActiveCfg = Debug|Win32
		{FF749B46-CC0B-48CB-9C40-AED73519459D}.Debug|x86.Build.0 = Debug|Win32
		{FF749B46-CC0B-48CB-9C40-AED73519459D}.Release|x64.ActiveCfg = Release|x64
		{FF749B46-CC0B-48CB-9C40-AED73519459D}.Release|x64.Build.0 = Release|x64
		{FF749B46-CC0B-48CB-9C40-AED73519459D}.Release|x86.ActiveCfg = Release|Win32
		{FF749B46-CC0B-48CB-9C40-AED73519459D}.Release|x86.Build.0 = Release|Win32
		{09E1BE47-D68A-4551-85CD-D3408106A212}.Debug|x64.ActiveCfg = Debug|x64
		{09E1BE47-D68A-4551-85CD-D3408106A212}.Debug|x64.Build.0 = Debug|x64
		{09E1BE47-D68A-4551-85CD-D3408106A212}.Debug|x86.ActiveCfg = Debug|Win32
		{09E1BE47-D68A-4551-85CD-D3408106A212}.Debug|x86.Build.0 = Debug|Win32
		{09E1BE47-D68A-4551-85CD-D3408106A212}.Release|x64.ActiveCfg = Release|x64
		{09E1BE47-D68A-4551-85CD-D3408106A212}.Release|x64.Build.0 = Release|x64
		{09E1BE47-D68A-4551-85CD-D3408106A212}.Release|x86.ActiveCfg = Release|Win32
		{09E1BE47-D68A-4551-85CD-D3408106A212}.Release|x86.Build.0 = Release|Win32
		{206D53B8-113B-4FF0-8A98-032E4852345D}.Debug|x64.ActiveCfg = Debug|x64
		{206D53B8-113B-4FF0-8A98-032E4852345D}.Debug|x64.Build.0 = Debug|x64
		{206D53B8-113B-4FF0-8A98-032E4852345D}.Debug|x86.ActiveCfg = Debug|Win32
		{206D53B8-113B-4FF0-8A98-032E4852345D}.Debug|x86.Build.0 = Debug|Win32
		{206D53B8-113B-4FF0-8A98-032E4852345D}.Release|x64.ActiveCfg = Release|x64
		{206D53B8-113B-4FF0-8A98-032E4852345D}.Release|x64.Build.0 = Release|x64
		{206D53B8-113B-4FF0-8A98-032E4852345D}.Release|x86.ActiveCfg = Release|Win32
		{206D53B8-113B-4FF0-8A98-032E4852345D}.Release|x86.Build.0 = Release|Win32
		{F7E95D30-8B06-4481-A30B-228FA541D434}.Debug|x64.ActiveCfg = Debug|x64
		{F7E95D30-8B06-4481-A30B-228FA541D434}.Debug|x64.Build.0 = Debug|x64
		{F7E95D30-8B06-4481-A30B-228FA541D434}.Debug|x86.ActiveCfg = Debug|Win32
		{F7E95D30-8B06-4481-A30B-228FA541D434}.Debug|x86.Build.0 = Debug|Win32
		{F7E95D30-8B06-4481-A30B-228FA541D434}.Release|x64.ActiveCfg = Release|x64
		{F7E95D30-8B06-4481-A30B-228FA541D434}.Release|x64.Build.0 = Release|x64
		{F7E95D30-8B06-4481-A30B-228FA541D434}.Release|x86.ActiveCfg = Release|Win32
		{F7E95D30-8B06-4481-A30B-228FA541D434}.Release|x86.Build.0 = Release|Win32
		{B9C43D77-C643-4A1B-8AE6-C050F9214A9B}.Debug|x64.ActiveCfg = Debug|x64
		{B9C43D77-C643-4A1B-8AE6-C050F9214A9B}.Debug|x64.Build.0 = Debug|x64
		{B9C43D77-C643-4A1B-8AE6-C050F9214A9B}.Debug|x86.ActiveCfg = Debug|Win32
		{B9C43D77-C643-4A1B-8AE6-C050F9214A9B}.Debug|x86.Build.0 = Debug|Win32
		{B9C43D77-C643-4A1B-8AE6-C050F9214A9B}.Release|x64.ActiveCfg = Release|x64
		{B9C43D77-C643-4A1B-8AE6-C050F9214A9B}.Release|x64.Build.0 = Release|x64
		{B9C43D77-C643-4A1B-8AE6-C050F9214A9B}.Release|x86.ActiveCfg = Release|Win32
		{B9C43D77-C643-4A1B-8AE6-C050F9214A9B}.Release|x86.Build.0 = Release|Win32
		{9B3025FA-5101-4AF7-B570-E4FC57BD560E}.Debug|x64.ActiveCfg = Debug|x64
		{9B3025FA-5101-4AF7-B570-E4FC57BD560E}.Debug|x64.Build.0 = Debug|x64
		{9B3025FA-5101-4AF7-B570-E4FC57BD560E}.Debug|x86.ActiveCfg = Debug|Win32
		{9B3025FA-5101-4AF7-B570-E4FC57BD560E}.Debug|x86.Build.0 = Debug|Win32
		{9B3025FA-5101-4AF7-B570-E4FC57BD560E}.Release|x64.ActiveCfg = Release|x64
		{9B3025FA-5101-4AF7-B570-E4FC57BD560E}.Release|x64.Build.0 = Release|x64
		{9B3025FA-5101-4AF7-B570-E4FC57BD560E}.Release|x86.ActiveCfg = Release|Win32
		{9B3025FA-5101-4AF7-B570-E4FC57BD560E}.Release|x86.Build.0 = Release|Win32
		{3FBC7034-646C-456A-8D0F-9C973DEB1D2E}.Debug|x64.ActiveCfg = Debug|x64
		{3FBC7034-646C-456A-8D0F-9C973DEB1D2E}.Debug|x64.Build.0 = Debug|x64
		{3FBC7034-646C-456A-8D0F-9C973DEB1D2E}.Debug|x86.ActiveCfg = Debug|Win32
		{3FBC7034-646C-456A-8D0F-9C973DEB1D2E}.Debug|x86.Build.0 = Debug|Win32
		{3FBC7034-646C-456A-8D0F-9C973DEB1D2E}.Release|x64.ActiveCfg = Release|x64
		{3FBC7034-646C-456A-8D0F-9C973DEB1D2E}.Release|x64.Build.0 = Release|x64
		{3FBC7034-646C-456A-8D0F-9C973DEB1D2E}.Release|x86.ActiveCfg = Release|Win32
		{3FBC7034-646C-456A-8D0F-9C973DEB1D2E}.Release|x86.Build.0 = Release|Win32
		{430C8A61-F961-4EB3-B56B-5B3CA57E2D05}.Debug|x64.ActiveCfg = Debug|x64
		{430C8A61-F961-4EB3-B56B-5B3CA57E2D05}.Debug|x64.Build.0 = Debug|x64
		{430C8A61-F961-4EB3-B56B-5B3CA57E2D05}.Debug|x86.ActiveCfg = Debug|Win32
		{430C8A61-F961-4EB3-B56B-5B3CA57E2D05}.Debug|x86.Build.0 = Debug|Win32
		{430C8A61-F961-4EB3-B56B-5B3CA57E2D05}.Release|x64.ActiveCfg = Release|x64
		{430C8A61-F961-4EB3-B56B-5B3CA57E2D05}.Release|x64.Build.0 = Release|x64
		{430C8A61-F961-4EB3-B56B-5B3CA57E2D05}.Release|x86.ActiveCfg = Release|Win32
		{430C8A61-F961-4EB3-B56B-5B3CA57E2D05}.Release|x86.Build.0 = Release|Win32
		{BD73EE59-4F87-4AB7-B5C6-45723DF9ADA2}.Debug|x64.ActiveCfg = Debug|x64
		{BD73EE59-4F87-4AB7-B5C6-45723DF9ADA2}.Debug|x64.Build.0 = Debug|x64
		{BD73EE59-4F87-4AB7-B5C6-45723DF9ADA2}.Debug|x86.ActiveCfg = Debug|Win32
		{BD73EE59-4F87-4AB7-B5C6-45723DF9ADA2}.Debug|x86.Build.0 = Debug|Win32
		{BD73EE59-4F87-4AB7-B5C6-45723DF9ADA2}.Release|x64.ActiveCfg = Release|x64
		{BD73EE59-4F87-4AB7-B5C6-45723DF9ADA2}.Release|x64.Build.0 = Release|x64
		{BD73EE59-4F87-4AB7-B5C6-45723DF9ADA2}.Release|x86.ActiveCfg = Release|Win32
		{BD73EE59-4F87-4AB7-B5C6-45723DF9ADA2}.Release|x86.Build.0 = Release|Win32
		{23B1FCB2-34D8-4830-B454-4C75125AF2B9}.Debug|x64.ActiveCfg = Debug|x64
		{23B1FCB2-34D8-4830-B454-4C75125AF2B9}.Debug|x64.Build.0 = Debug|x64
		{23B1FCB2-34D8-4830-B454-4C75125AF2B9}.Debug|x86.ActiveCfg = Debug|Win32
		{23B1FCB2-34D8-4830-B454-4C75125AF2B9}.Debug|x86.Build.0 = Debug|Win32
		{23B1FCB2-34D8-4830-B454-4C75125AF2B9}.Release|x64.ActiveCfg = Release|x64
		{23B1FCB2-34D8-4830-B454-4C75125AF2B9}.Release|x64.Build.0 = Release|x64
		{23B1FCB2-34D8-4830-B454-4C75125AF2B9}.Release|x86.ActiveCfg = Release|Win32
		{23B1FCB2-34D8-4830-B454-4C75125AF2B9}.Release|x86.Build.0 = Release|Win32
		{C647FE54-EEF6-455A-A1AB-0E839E7AF664}.Debug|x64.ActiveCfg = Debug|x64
		{C647FE54-EEF6-455A-A1AB-0E839E7AF664}.Debug|x64.Build.0 = Debug|x64
		{C647FE54-EEF6-455A-A1AB-0E839E7AF664}.Debug|x86.ActiveCfg = Debug|Win32
		{C647FE54-EEF6-455A-A1AB-0E839E7AF664}.Debug|x86.Build.0 = Debug|Win32
		{C647FE54-EEF6-455A-A1AB-0E839E7AF664}.Release|x64.ActiveCfg = Release|x64
		{C647FE54-EEF6-455A-A1AB-0E839E7AF664}.Release|x64.Build.0 = Release|x64
		{C647FE54-EEF6-455A-A1AB-0E839E7AF664}.Release|x86.ActiveCfg = Release|Win32
		{C647FE54-EEF6-455A-A1AB-0E839E7AF664}.Release|x86.Build.0 = Release|Win32
		{B47ACA87-4CE8-4246-AEF5-6A9BF2C8C8C3}.Debug|x64.ActiveCfg = Debug|x64
		{B47ACA87-4CE8-4246-AEF5-6A9BF2C8C8C3}.Debug|x64.Build.0 = Debug|x64
		{B47ACA87-4CE8-4246-AEF5-6A9BF2C8C8C3}.Debug|x86.ActiveCfg = Debug|Win32
		{B47ACA87-4CE8-4246-AEF5-6A9BF2C8C8C3}.Debug|x86.Build.0 = Debug|Win32
		{B47ACA87-4CE8-4246-AEF5-6A9BF2C8C8C3}.Release|x64.ActiveCfg = Release|x64
		{B47ACA87-4CE8-4246-AEF5-6A9BF2C8C8C3}.Release|x64.Build.0 = Release|x64
		{B47ACA87-4CE8-4246-AEF5-6A9BF2C8C8C3}.Release|x86.ActiveCfg = Release|Win32
		{B47ACA87-4CE8-4246-AEF5-6A9BF2C8C8C3}.Release|x86.Build.0 = Release|Win32
		{E1A8C503-B5B5-4250-BB57-86E94A94C36E}.Debug|x64.ActiveCfg = Debug|x64
		{E1A8C503-B5B5-4250-BB57-86E94A94C36E}.Debug|x64.Build.0 = Debug|x64
		{E1A8C503-B5B5-4250-BB57-86E94A94C36E}.Debug|x86.ActiveCfg = Debug|Win32
		{E1A8C503-B5B5-4250-BB57-86E94A94C36E}.Debug|x86.Build.0 = Debug|Win32
		{E1A8C503-B5B5-4250-BB57-86E94A94C36E}.Release|x64.ActiveCfg = Release|x64
		{E1A8C503-B5B5-4250-BB57-86E94A94C36E}.Release|x64.Build.0 = Release|x64
		{E1A8C503-B5B5-4250-BB57-86E94A94C36E}.Release|x86.ActiveCfg = Release|Win32
		{E1A8C503-B5B5-4250-BB57-86E94A94C36E}.Release|x86.Build.0 = Release|Win32
		{A8E2F2DC-F3C1-401D-9A4F-FDAA8B859876}.Debug|x64.ActiveCfg = Debug|x64
		{A8E2F2DC-F3C1-401D-9A4F-FDAA8B859876}.Debug|x64.Build.0 = Debug|x64
		{A8E2F2DC-F3C1-401D-9A4F-FDAA8B859876}.Debug|x86.ActiveCfg = Debug|Win32
		{A8E2F2DC-F3C1-401D-9A4F-FDAA8B859876}.Debug|x86.Build.0 = Debug|Win32
		{A8E2F2DC-F3C1-401D-9A4F-FDAA8B859876}.Release|x64.ActiveCfg = Release|x64
		{A8E2F2DC-F3C1-401D-9A4F-FDAA8B859876}.Release|x64.Build.0 = Release|x64
		{A8E2F2DC-F3C1-401D-9A4F-FDAA8B859876}.Release|x86.ActiveCfg = Release|Win32
		{A8E2F2DC-F3C1-401D-9A4F-FDAA8B859876}.Release|x86.Build.0 = Release|Win32
		{DDE04141-342E-43E4-A987-3DC67657C59C}.Debug|x64.ActiveCfg = Debug|x64
		{DDE04141-342E-43E4-A987-3DC67657C59C}.Debug|x64.Build.0 = Debug|x64
		{DDE04141-342E-43E4-A987-3DC67657C59C}.Debug|x86.ActiveCfg = Debug|Win32
		{DDE04141-342E-43E4-A987-3DC67657C59C}.Debug|x86.Build.0 = Debug|Win32
		{DDE04141-342E-43E4-A987-3DC67657C59C}.Release|x64.ActiveCfg = Release|x64
		{DDE04141-342E-43E4-A987-3DC67657C59C}.Release|x64.Build.0 = Release|x64
		{DDE04141-342E-43E4-A987-3DC67657C59C}.Release|x86.ActiveCfg = Release|Win32
		{DDE04141-342E-43E4-A987-3DC67657C59C}.Release|x86.Build.0 = Release|Win32
		{93EE9319-ED71-4D81-86B8-23B90D2F9E2A}.Debug|x64.ActiveCfg = Debug|x64
		{93EE9319-ED71-4D81-86B8-23B90D2F9E2A}.Debug|x64.Build.0 = Debug|x64
		{93EE9319-ED71-4D81-86B8-23B90D2F9E2A}.Debug|x86.ActiveCfg = Debug|Win32
		{93EE9319-ED71-4D81-86B8-23B90D2F9E2A}.Debug|x86.Build.0 = Debug|Win32
		{93EE9319-ED71-4D81-86B8-23B90D2F9E2A}.Release|x64.ActiveCfg = Release|x64
		{93EE9319-ED71-4D81-86B8-23B90D2F9E2A}.Release|x64.Build.0 = Release|x64
		{93EE9319-ED71-4D81-86B8-23B90D2F9E2A}.Release|x86.ActiveCfg = Release|Win32
		{93EE9319-ED71-4D81-86B8-23B90D2F9E2A}.Release|x86.Build.0 = Release|Win32
		{C0424D9D-AD60-422A-9B1C-E2F7952FDD41}.Debug|x64.ActiveCfg = Debug|x64
		{C0424D9D-AD60-422A-9B1C-E2F7952FDD41}.Debug|x64.Build.0 = Debug|x64
		{C0424D9D-AD60-422A-9B1C-E2F7952FDD41}.Debug|x86.ActiveCfg = Debug|Win32
		{C0424D9D-AD60-422A-9B1C-E2F7952FDD41}.Debug|x86.Build.0 = Debug|Win32
		{C0424D9D-AD60-422A-9B1C-E2F7952FDD41}.Release|x64.ActiveCfg = Release|x64
		{C0424D9D-AD60-422A-9B1C-E2F7952FDD41}.Release|x64.Build.0 = Release|x64
		{C0424D9D-AD60-422A-9B1C-E2F7952FDD41}.Release|x86.ActiveCfg = Release|Win32
		{C0424D9D-AD60-422A-9B1C-E2F7952FDD41}.Release|x86.Build.0 = Release|Win32
		{EC46EB76-03AA-46C3-BDEE-A5CFD7886F6B}.Debug|x64.ActiveCfg = Debug|x64
		{EC46EB76-03AA-46C3-BDEE-A5CFD7886F6B}.Debug|x64.Build.0 = Debug|x64
		{EC46EB76-03AA-46C3-BDEE-A5CFD7886F6B}.Debug|x86.ActiveCfg = Debug|Win32
		{EC46EB76-03AA-46C3-BDEE-A5CFD7886F6B}.Debug|x86.Build.0 = Debug|Win32
		{EC46EB76-03AA-46C3-BDEE-A5CFD7886F6B}.Release|x64.ActiveCfg = Release|x64
		{EC46EB76-03AA-46C3-BDEE-A5CFD7886F6B}.Release|x64.Build.0 = Release|x64
		{EC46EB76-03AA-46C3-BDEE-A5CFD7886F6B}.Release|x86.ActiveCfg = Release|Win32
		{EC46EB76-03AA-46C3-BDEE-A5CFD7886F6B}.Release|x86.Build.0 = Release|Win32
		{A42019F3-013A-47CD-A9AB-30143B7633C4}.Debug|x64.ActiveCfg = Debug|x64
		{A42019F3-013A-47CD-A9AB-30143B7633C4}.Debug|x64.Build.0 = Debug|x64
		{A42019F3-013A-47CD-A9AB-30143B7633C4}.Debug|x86.ActiveCfg = Debug|Win32
		{A42019F3-013A-47CD-A9AB-30143B7633C4}.Debug|x86.Build.0 = Debug|Win32
		{A42019F3-013A-47CD-A9AB-30143B7633C4}.Release|x64.ActiveCfg = Release|x64
		{A42019F3-013A-47CD-A9AB-30143B7633C4}.Release|x64.Build.0 = Release|x64
		{A42019F3-013A-47CD-A9AB-30143B7633C4}.Release|x86.ActiveCfg = Release|Win32
		{A42019F3-013A-47CD-A9AB-30143B7633C4}.Release|x86.Build.0 = Release|Win32
	EndGlobalSection
	GlobalSection(SolutionProperties) = preSolution
		HideSolutionNode = FALSE
	EndGlobalSection
	GlobalSection(ExtensibilityGlobals) = postSolution
		SolutionGuid = {C3D4A3A5-E387-4A1D-8392-0B7864C9C492}
	EndGlobalSection
EndGlobal
